
Microsoft Visual Studio Solution File, Format Version 12.00
# Visual Studio 15
VisualStudioVersion = 15.0.27130.0
MinimumVisualStudioVersion = 10.0.40219.1
Project("{FAE04EC0-301F-11D3-BF4B-00C04F79EFBC}") = "Parcheador Lord Of Magna Maiden Heaven al español", "Parcheador3DS\Parcheador Lord Of Magna Maiden Heaven al español.csproj", "{1F12232D-424D-4B93-A074-F9989C668B28}"
EndProject
Global
	GlobalSection(SolutionConfigurationPlatforms) = preSolution
		Debug|Any CPU = Debug|Any CPU
		Release|Any CPU = Release|Any CPU
	EndGlobalSection
	GlobalSection(ProjectConfigurationPlatforms) = postSolution
		{1F12232D-424D-4B93-A074-F9989C668B28}.Debug|Any CPU.ActiveCfg = Debug|Any CPU
		{1F12232D-424D-4B93-A074-F9989C668B28}.Debug|Any CPU.Build.0 = Debug|Any CPU
		{1F12232D-424D-4B93-A074-F9989C668B28}.Release|Any CPU.ActiveCfg = Release|Any CPU
		{1F12232D-424D-4B93-A074-F9989C668B28}.Release|Any CPU.Build.0 = Release|Any CPU
	EndGlobalSection
	GlobalSection(SolutionProperties) = preSolution
		HideSolutionNode = FALSE
	EndGlobalSection
	GlobalSection(ExtensibilityGlobals) = postSolution
		SolutionGuid = {0B3E0095-5047-42D5-815D-E1D5B993C789}
	EndGlobalSection
EndGlobal
